{
  "nodes": {
    "deploy-rs": {
      "inputs": {
        "flake-compat": "flake-compat",
        "nixpkgs": [
          "nixpkgs"
        ],
        "utils": [
          "flake-utils"
        ]
      },
      "locked": {
        "lastModified": 1632822684,
        "narHash": "sha256-lt7eayYmgsD5OQwpb1XYfHpxttn43bWo7G7hIJs+zJw=",
        "owner": "serokell",
        "repo": "deploy-rs",
        "rev": "9a02de4373e0ec272d08a417b269a28ac8b961b4",
        "type": "github"
      },
      "original": {
        "owner": "serokell",
        "repo": "deploy-rs",
        "type": "github"
      }
    },
    "flake-compat": {
      "flake": false,
      "locked": {
        "lastModified": 1627913399,
        "narHash": "sha256-hY8g6H2KFL8ownSiFeMOjwPC8P0ueXpCVEbxgda3pko=",
        "owner": "edolstra",
        "repo": "flake-compat",
        "rev": "12c64ca55c1014cdc1b16ed5a804aa8576601ff2",
        "type": "github"
      },
      "original": {
        "owner": "edolstra",
        "repo": "flake-compat",
        "type": "github"
      }
    },
    "flake-utils": {
      "locked": {
        "lastModified": 1634851050,
        "narHash": "sha256-N83GlSGPJJdcqhUxSCS/WwW5pksYf3VP1M13cDRTSVA=",
        "owner": "numtide",
        "repo": "flake-utils",
        "rev": "c91f3de5adaf1de973b797ef7485e441a65b8935",
        "type": "github"
      },
      "original": {
        "owner": "numtide",
        "repo": "flake-utils",
        "type": "github"
      }
    },
    "home-manager": {
      "inputs": {
        "nixpkgs": [
          "nixpkgs"
        ]
      },
      "locked": {
        "lastModified": 1636520380,
        "narHash": "sha256-gBiQ8+AQG6Dia34rqJDuqs6VFe/J1SjIhOZBeTXCKQI=",
        "owner": "nix-community",
        "repo": "home-manager",
        "rev": "1e5c8e9bff00d0844bc3d25d1a98eab5633e600b",
        "type": "github"
      },
      "original": {
        "owner": "nix-community",
        "repo": "home-manager",
        "type": "github"
      }
    },
    "nixos-hardware": {
      "locked": {
        "lastModified": 1636317251,
        "narHash": "sha256-u1cWvvtGH5mfGkeIKrqw2usk4IL7wDiRcnJkUSiZq3Q=",
        "owner": "NixOS",
        "repo": "nixos-hardware",
        "rev": "fd6f34afcf062761fb5035230f6297752bfedcba",
        "type": "github"
      },
      "original": {
        "owner": "NixOS",
        "repo": "nixos-hardware",
        "type": "github"
      }
    },
    "nixpkgs": {
      "locked": {
        "lastModified": 1636719998,
        "narHash": "sha256-iWm7lgzgGd+yK9XX/UR3ztcgcGQht+E56BXXPlBtqsA=",
        "owner": "NixOS",
        "repo": "nixpkgs",
        "rev": "db93862a2c777135e0af3e9c7b0bbcba642c8343",
        "type": "github"
      },
      "original": {
        "owner": "NixOS",
        "ref": "nixos-unstable-small",
        "repo": "nixpkgs",
        "type": "github"
      }
    },
    "pre-commit-hooks": {
      "inputs": {
        "flake-utils": [
          "flake-utils"
        ],
        "nixpkgs": [
          "nixpkgs"
        ]
      },
      "locked": {
        "lastModified": 1636583591,
        "narHash": "sha256-NJIMtEPJIeQf1t8H5+/Fx+vBF9o9n+HMeDZ8QQcPQp0=",
        "owner": "cachix",
        "repo": "pre-commit-hooks.nix",
        "rev": "433808cba23975201a48a3bb8ebc76029191fafd",
        "type": "github"
      },
      "original": {
        "owner": "cachix",
        "repo": "pre-commit-hooks.nix",
        "type": "github"
      }
    },
    "root": {
      "inputs": {
        "deploy-rs": "deploy-rs",
        "flake-utils": "flake-utils",
        "home-manager": "home-manager",
        "nixos-hardware": "nixos-hardware",
        "nixpkgs": "nixpkgs",
        "pre-commit-hooks": "pre-commit-hooks",
        "sops-nix": "sops-nix",
        "templates": "templates"
      }
    },
    "sops-nix": {
      "inputs": {
        "nixpkgs": [
          "nixpkgs"
        ]
      },
      "locked": {
        "lastModified": 1636497917,
        "narHash": "sha256-8U0Tvot7U5KJ8vpn6xR611v7b441QdAQC04xhxjMHOc=",
        "owner": "Mic92",
        "repo": "sops-nix",
        "rev": "a8cbd0c796e4678f0fd2e59f274e49705ee523ed",
        "type": "github"
      },
      "original": {
        "owner": "Mic92",
        "repo": "sops-nix",
        "type": "github"
      }
    },
    "templates": {
      "locked": {
        "lastModified": 1627915799,
        "narHash": "sha256-6mmoZOq/faRYvyDHLsJbOXix5v38MvhlqSFNoHluZcc=",
        "owner": "NixOS",
        "repo": "templates",
        "rev": "79f48a7b822f35c068c5e235da2e9fbd154cecee",
        "type": "github"
      },
      "original": {
        "owner": "NixOS",
        "repo": "templates",
        "type": "github"
      }
    }
  },
  "root": "root",
  "version": 7
}
